
Microsoft Visual Studio Solution File, Format Version 12.00
# Visual Studio Version 17
VisualStudioVersion = 17.10.35027.167
MinimumVisualStudioVersion = 10.0.40219.1
Project("{FAE04EC0-301F-11D3-BF4B-00C04F79EFBC}") = "Api_gyakszi", "Api_gyakszi\Api_gyakszi.csproj", "{7ECDD878-AD18-42CA-A95A-11315448C5ED}"
EndProject
Project("{FAE04EC0-301F-11D3-BF4B-00C04F79EFBC}") = "Felulet_Api", "Felulet_Api\Felulet_Api.csproj", "{BB4162A8-AA71-4EC6-85A6-D0E82CA7BD21}"
EndProject
Global
	GlobalSection(SolutionConfigurationPlatforms) = preSolution
		Debug|Any CPU = Debug|Any CPU
		Release|Any CPU = Release|Any CPU
	EndGlobalSection
	GlobalSection(ProjectConfigurationPlatforms) = postSolution
		{7ECDD878-AD18-42CA-A95A-11315448C5ED}.Debug|Any CPU.ActiveCfg = Debug|Any CPU
		{7ECDD878-AD18-42CA-A95A-11315448C5ED}.Debug|Any CPU.Build.0 = Debug|Any CPU
		{7ECDD878-AD18-42CA-A95A-11315448C5ED}.Release|Any CPU.ActiveCfg = Release|Any CPU
		{7ECDD878-AD18-42CA-A95A-11315448C5ED}.Release|Any CPU.Build.0 = Release|Any CPU
		{BB4162A8-AA71-4EC6-85A6-D0E82CA7BD21}.Debug|Any CPU.ActiveCfg = Debug|Any CPU
		{BB4162A8-AA71-4EC6-85A6-D0E82CA7BD21}.Debug|Any CPU.Build.0 = Debug|Any CPU
		{BB4162A8-AA71-4EC6-85A6-D0E82CA7BD21}.Release|Any CPU.ActiveCfg = Release|Any CPU
		{BB4162A8-AA71-4EC6-85A6-D0E82CA7BD21}.Release|Any CPU.Build.0 = Release|Any CPU
	EndGlobalSection
	GlobalSection(SolutionProperties) = preSolution
		HideSolutionNode = FALSE
	EndGlobalSection
	GlobalSection(ExtensibilityGlobals) = postSolution
		SolutionGuid = {3ACC0BE4-D84E-4153-A713-6BB11B98E4BD}
	EndGlobalSection
EndGlobal
